{
    "_meta": {
        "hash": {
            "sha256": "09a87a1c80f556c72277956a0cdb07e6b011bb56608a0a08180759cdc332b375"
        },
        "pipfile-spec": 6,
        "requires": {
            "python_version": "3.8"
        },
        "sources": [
            {
                "name": "pypi",
                "url": "https://pypi.org/simple",
                "verify_ssl": true
            }
        ]
    },
    "default": {
        "attrs": {
            "hashes": [
                "sha256:2d27e3784d7a565d36ab851fe94887c5eccd6a463168875832a1be79c82828b4",
                "sha256:626ba8234211db98e869df76230a137c4c40a12d72445c45d5f5b716f076e2fd"
            ],
            "markers": "python_version >= '2.7' and python_version not in '3.0, 3.1, 3.2, 3.3, 3.4'",
            "version": "==21.4.0"
        },
        "bytecode": {
            "hashes": [
                "sha256:6af3c2f0a31ce05dce41f7eea5cc380e33f5e8fbb7dcee3b52467a00acd52fcd",
                "sha256:e69f92e7d27f99d5d7d76e6a824bd3d9ff857c72b59927aaf87e1a620f67fe50"
            ],
            "markers": "python_version == '3.7'",
            "version": "==0.13.0"
        },
        "certifi": {
            "hashes": [
                "sha256:84c85a9078b11105f04f3036a9482ae10e4621616db313fe045dd24743a0820d",
                "sha256:fe86415d55e84719d75f8b69414f6438ac3547d2078ab91b67e779ef69378412"
            ],
            "markers": "python_version >= '3.6'",
            "version": "==2022.6.15"
        },
        "charset-normalizer": {
            "hashes": [
                "sha256:5189b6f22b01957427f35b6a08d9a0bc45b46d3788ef5a92e978433c7a35f8a5",
                "sha256:575e708016ff3a5e3681541cb9d79312c416835686d054a23accb873b254f413"
            ],
            "markers": "python_version >= '3.6'",
            "version": "==2.1.0"
        },
        "click": {
            "hashes": [
                "sha256:7682dc8afb30297001674575ea00d1814d808d6a36af415a82bd481d37ba7b8e",
                "sha256:bb4d8133cb15a609f44e8213d9b391b0809795062913b383c62be0ee95b1db48"
            ],
            "markers": "python_version >= '3.7'",
            "version": "==8.1.3"
        },
        "datadog": {
            "hashes": [
                "sha256:071170f0c7ef22511dbf7f9bd76c4be500ee2d3d52072900a5c87b5495d2c733",
                "sha256:57c4878d3a8351f652792cdba78050274789dcc44313adec096e87f9d3ca5992"
            ],
            "index": "pypi",
            "version": "==0.44.0"
        },
        "ddsketch": {
            "hashes": [
                "sha256:464469f53380aa878eb1dd4dc644086341e0d2a54b19dfca7d7a4645c8353ac6",
                "sha256:a5fd40785aa70ae45c240c769aab9158c2046da91ddb44ac0c42e4d4930ce302"
            ],
            "markers": "python_version >= '2.7'",
            "version": "==2.0.3"
        },
        "ddtrace": {
            "hashes": [
                "sha256:0744ed17d63a90ed23ac1477b9109f4358b4321652a4d6b5e287ab9eb2141fc8",
                "sha256:0abbdb92f687ec6e38077697dcbb214c6f411f726849d1ee0c574489b32ac40f",
                "sha256:14a3804a5948d57aaed46bc120c4f569eb70bb066c70ed2295ece2d4f4d643a7",
                "sha256:1661e8bbb1ec39ac41b5b171936dd7a482a5b82544f0b3c6ee846d7912ad33ad",
                "sha256:1cc1659bf9542e76f6bd8a23974a2ff9af7ed5a36e64470376fc98ef04fc6d28",
                "sha256:1fb6e48fffcbc333c6211cb4185ee05549d0498098ea910a3be4cb909835fd8e",
                "sha256:233766b15feda7cd5c7d719226129bfbec92effa0be8e320a28bc7ec7035f6aa",
                "sha256:241c943afd58f90cbbcd481b085421312687b993338a088d6c99fe9044ca426c",
                "sha256:27d4929c8d97534a3027a5b37735a20ff42793374d739bec4a842a082dcca1a1",
                "sha256:2b7a241b19d7e22f5e47ea811749bbc57a0efb30ce5a64997bf696d26c141b2c",
                "sha256:2fb095dfb5d177d380faeea1a2c3bd9b7e9c35c0d8e67c99626aaa8e721799cb",
                "sha256:329a798f4cf2fa97dc7787fdc99722117a662b27c1f49c225ab4907e4fc60e08",
                "sha256:3469ea6ed00099eb0ee03bef61a1ef33fb58e5179ae300088a8f750180535434",
                "sha256:3576d39432944c9261b01ea62a10131803b2296d85398ff62123efb00150293e",
                "sha256:4103f1c86e3d5f60ecd01251798833a5d1cb7d7faa8463d7ddd0f39a290b89da",
                "sha256:42a30de742ef98079bd79f372ab16c65a84e7bcb1a32b5e8da935183434369a0",
                "sha256:4d3d42516cbd923ecfcdf02c2482b08e9b244b5c436100c46aeb43b41b117b69",
                "sha256:501a789ce6559a2021fe73a1f9b53275b33b051749e8d28270a9138ae23631f6",
                "sha256:50daf61bdb757d8459cd32eaeff7407c99020ff7b93b822d51cd55dbc90e94be",
                "sha256:50e9901e252230d235271e484a397decb4ac800d41f8233dca7cc9d92610a1c2",
                "sha256:524dc2622f6d6d67500bd7e4283fb56b656901b15f9a579eeabf40e76cef0a2a",
                "sha256:54a168555d4ec7f30e56b39f7b93a03ed149fc10b8b8f4bcbf9973ca04961804",
                "sha256:58efee3f290224d3979ca977414098e80035f16f8211173187660179ea1c6dff",
                "sha256:5ad3b669f39ea22139fb4c1a14472ca993f08a8429550a41af94ecb1135a4da4",
                "sha256:61872367cbdddc7c149e4d339e49eb312718f932f87a0b60989e41bb8aff459b",
                "sha256:678a5527ea7337c04526298eb0894eff6f1d0927d539f7b3c545a5e62ff39360",
                "sha256:68eaf5d190b40be511188a201a7c1c8c8e8b1c707ef1d3a6cf00ed08ff19cd9a",
                "sha256:6d01c704d5e18a43b5895c10024e7d0f60174ebdf00fd46a6f9f03a99f939026",
                "sha256:6eb9f7a548bfb6b1fb6484c02f85aa1551a76048c3e14b6aff2b973756a4d0f5",
                "sha256:7ae926f9365c4f2a6dac1042220acb811734146f29bdb57a0c3e3002b5520bac",
                "sha256:878f0749b1a3d07d279a60a2d17faebe0207c5f128b94f48a83b859dedc7e77a",
                "sha256:898e4493ee25b9109df5f1218e36b75f61c54ab8e2268be3cd74e9d365ed90b3",
                "sha256:927c477dd67a6e9db0cfd670d4648be73f1cd742024f1947101aaec1aef9880e",
                "sha256:99e8a7a377c610bfcf4eec1021559631e0584e999588cb114527377e1c4c465e",
                "sha256:9f22e77998b2d7a95993719a4edd69dd08fe2a9a47c6aa69a0710b9d7afa98e8",
                "sha256:9f40343dd708e6b409f396c17a39d93a5f3d6ba3df731de49800cae06e21bbb4",
                "sha256:a0ad79b9b1bade927a16a745ff2ef0a4d7d5e27c9f5d244dc3c1fdb37138509a",
                "sha256:aafbeda04d13b12918a9dfa4da2485450a0ec09150d1fbcdbcb1a5f614742d86",
                "sha256:ae7cbb82bd74b4a5ab685ac30ca6ca7ef1db66c60e31ffcb5a582d4c2e181abf",
                "sha256:af8988dace4422feac93b57e5332c7642a821c0e1607c0fe2332f42f5df644db",
                "sha256:b332d4d4c6eb82e5ac4a05070878c81c988c339b2d46b9c4987964f4448e428d",
                "sha256:b3b584421b928e53940e9a1dd1d919ae621b363500a879e3b3f93ed3e0c3c66a",
                "sha256:b880e5ecaedaf18b95dfa347f6f3af2fa757b1188e9a015a4a0412ad24f6e46a",
                "sha256:bb975e7cc3ad60566b68d50bbabcaafe88ebd45e0abb98e4b9f14258ecd35af3",
                "sha256:bb99e6adc235f55761d2c406b4820ecf8c06baa81a5de46021bb577a667384e6",
                "sha256:c0996d004de12fc8cf8442e5cf5c56eb1e27b2a0418bac582f57d8d2c3edbf27",
                "sha256:cbb6731af71c68731e49519a7abfd61d77507a4a8bb06cb4182cc0d6ab068eff",
                "sha256:d05077536c2325541c24236a17e649dae63395a23e7c4c01d1f664f1cc92621a",
                "sha256:d700f52e50b39f140506c1a73b4cc7f977cc1eacdec60b5fc3529724922b60a7",
                "sha256:df209e0b3f58d18f49f152510498d95b0bbb3e7614a09122061eea5f3d2e0371",
                "sha256:dfe2a95d8a221f689913d2aa97381cc7d1e4d07d9f6cc91193a7aed117fc28f9",
                "sha256:e5d0edcb7c89a4649e0a3714ffa33814b33101235cafc090066aefff165a74b5",
                "sha256:eef3ec1583101bd5af79ea22b9d24ea760f2ed62bb5128efcee021134d4528f1",
                "sha256:f19c76dcfcfdcbbcf3c36d905a7e38b9696cd8508aa724a3f4d16da4045de8ab",
                "sha256:f2c57e288d8c8278a8a6a23a96df8895bccf6d872bf737618de77d18b733811d",
                "sha256:f4028df4977c51d68713dff94424036d5e5e2b3b46bbbc212485c1da4ded90c4",
                "sha256:f7c6da313f15f3fe76e0bed3bb2a371d9dc7afdc31aab3e74449948e4226a678",
                "sha256:f971af09f68052373098a964ab2cf505ba28f47262ad0195bcf31fa7e8abfab1",
                "sha256:fa8de448159a6016fab992b8584aef694b4e12d7ee4cc74b7e28fdcb2e15f295"
            ],
            "index": "pypi",
            "version": "==1.2.2"
        },
        "flask": {
            "hashes": [
                "sha256:315ded2ddf8a6281567edb27393010fe3406188bafbfe65a3339d5787d89e477",
                "sha256:fad5b446feb0d6db6aec0c3184d16a8c1f6c3e464b511649c8918a9be100b4fe"
            ],
            "index": "pypi",
            "version": "==2.1.2"
        },
        "gunicorn": {
            "hashes": [
                "sha256:c3930fe8de6778ab5ea716cab432ae6335fa9f03b3f2c3e02529214c476f4bcb",
                "sha256:f9de24e358b841567063629cd0a656b26792a41e23a24d0dcb40224fc3940081"
            ],
            "index": "pypi",
            "version": "==19.10.0"
        },
        "idna": {
            "hashes": [
                "sha256:84d9dd047ffa80596e0f246e2eab0b391788b0503584e8945f2368256d2735ff",
                "sha256:9d643ff0a55b762d5cdb124b8eaa99c66322e2157b69160bc32796e824360e6d"
            ],
            "markers": "python_version >= '3.5'",
            "version": "==3.3"
        },
        "importlib-metadata": {
            "hashes": [
                "sha256:637245b8bab2b6502fcbc752cc4b7a6f6243bb02b31c5c26156ad103d3d45670",
                "sha256:7401a975809ea1fdc658c3aa4f78cc2195a0e019c5cbc4c06122884e9ae80c23"
            ],
            "markers": "python_version < '3.10'",
            "version": "==4.12.0"
        },
        "itsdangerous": {
            "hashes": [
                "sha256:2c2349112351b88699d8d4b6b075022c0808887cb7ad10069318a8b0bc88db44",
                "sha256:5dbbc68b317e5e42f327f9021763545dc3fc3bfe22e6deb96aaf1fc38874156a"
            ],
            "markers": "python_version >= '3.7'",
            "version": "==2.1.2"
        },
        "jinja2": {
            "hashes": [
                "sha256:31351a702a408a9e7595a8fc6150fc3f43bb6bf7e319770cbc0db9df9437e852",
                "sha256:6088930bfe239f0e6710546ab9c19c9ef35e29792895fed6e6e31a023a182a61"
            ],
            "markers": "python_version >= '3.7'",
            "version": "==3.1.2"
        },
        "markupsafe": {
            "hashes": [
                "sha256:0212a68688482dc52b2d45013df70d169f542b7394fc744c02a57374a4207003",
                "sha256:089cf3dbf0cd6c100f02945abeb18484bd1ee57a079aefd52cffd17fba910b88",
                "sha256:10c1bfff05d95783da83491be968e8fe789263689c02724e0c691933c52994f5",
                "sha256:33b74d289bd2f5e527beadcaa3f401e0df0a89927c1559c8566c066fa4248ab7",
                "sha256:3799351e2336dc91ea70b034983ee71cf2f9533cdff7c14c90ea126bfd95d65a",
                "sha256:3ce11ee3f23f79dbd06fb3d63e2f6af7b12db1d46932fe7bd8afa259a5996603",
                "sha256:421be9fbf0ffe9ffd7a378aafebbf6f4602d564d34be190fc19a193232fd12b1",
                "sha256:43093fb83d8343aac0b1baa75516da6092f58f41200907ef92448ecab8825135",
                "sha256:46d00d6cfecdde84d40e572d63735ef81423ad31184100411e6e3388d405e247",
                "sha256:4a33dea2b688b3190ee12bd7cfa29d39c9ed176bda40bfa11099a3ce5d3a7ac6",
                "sha256:4b9fe39a2ccc108a4accc2676e77da025ce383c108593d65cc909add5c3bd601",
                "sha256:56442863ed2b06d19c37f94d999035e15ee982988920e12a5b4ba29b62ad1f77",
                "sha256:671cd1187ed5e62818414afe79ed29da836dde67166a9fac6d435873c44fdd02",
                "sha256:694deca8d702d5db21ec83983ce0bb4b26a578e71fbdbd4fdcd387daa90e4d5e",
                "sha256:6a074d34ee7a5ce3effbc526b7083ec9731bb3cbf921bbe1d3005d4d2bdb3a63",
                "sha256:6d0072fea50feec76a4c418096652f2c3238eaa014b2f94aeb1d56a66b41403f",
                "sha256:6fbf47b5d3728c6aea2abb0589b5d30459e369baa772e0f37a0320185e87c980",
                "sha256:7f91197cc9e48f989d12e4e6fbc46495c446636dfc81b9ccf50bb0ec74b91d4b",
                "sha256:86b1f75c4e7c2ac2ccdaec2b9022845dbb81880ca318bb7a0a01fbf7813e3812",
                "sha256:8dc1c72a69aa7e082593c4a203dcf94ddb74bb5c8a731e4e1eb68d031e8498ff",
                "sha256:8e3dcf21f367459434c18e71b2a9532d96547aef8a871872a5bd69a715c15f96",
                "sha256:8e576a51ad59e4bfaac456023a78f6b5e6e7651dcd383bcc3e18d06f9b55d6d1",
                "sha256:96e37a3dc86e80bf81758c152fe66dbf60ed5eca3d26305edf01892257049925",
                "sha256:97a68e6ada378df82bc9f16b800ab77cbf4b2fada0081794318520138c088e4a",
                "sha256:99a2a507ed3ac881b975a2976d59f38c19386d128e7a9a18b7df6fff1fd4c1d6",
                "sha256:a49907dd8420c5685cfa064a1335b6754b74541bbb3706c259c02ed65b644b3e",
                "sha256:b09bf97215625a311f669476f44b8b318b075847b49316d3e28c08e41a7a573f",
                "sha256:b7bd98b796e2b6553da7225aeb61f447f80a1ca64f41d83612e6139ca5213aa4",
                "sha256:b87db4360013327109564f0e591bd2a3b318547bcef31b468a92ee504d07ae4f",
                "sha256:bcb3ed405ed3222f9904899563d6fc492ff75cce56cba05e32eff40e6acbeaa3",
                "sha256:d4306c36ca495956b6d568d276ac11fdd9c30a36f1b6eb928070dc5360b22e1c",
                "sha256:d5ee4f386140395a2c818d149221149c54849dfcfcb9f1debfe07a8b8bd63f9a",
                "sha256:dda30ba7e87fbbb7eab1ec9f58678558fd9a6b8b853530e176eabd064da81417",
                "sha256:e04e26803c9c3851c931eac40c695602c6295b8d432cbe78609649ad9bd2da8a",
                "sha256:e1c0b87e09fa55a220f058d1d49d3fb8df88fbfab58558f1198e08c1e1de842a",
                "sha256:e72591e9ecd94d7feb70c1cbd7be7b3ebea3f548870aa91e2732960fa4d57a37",
                "sha256:e8c843bbcda3a2f1e3c2ab25913c80a3c5376cd00c6e8c4a86a89a28c8dc5452",
                "sha256:efc1913fd2ca4f334418481c7e595c00aad186563bbc1ec76067848c7ca0a933",
                "sha256:f121a1420d4e173a5d96e47e9a0c0dcff965afdf1626d28de1460815f7c4ee7a",
                "sha256:fc7b548b17d238737688817ab67deebb30e8073c95749d55538ed473130ec0c7"
            ],
            "markers": "python_version >= '3.7'",
            "version": "==2.1.1"
        },
        "packaging": {
            "hashes": [
                "sha256:dd47c42927d89ab911e606518907cc2d3a1f38bbd026385970643f9c5b8ecfeb",
                "sha256:ef103e05f519cdc783ae24ea4e2e0f508a9c99b2d4969652eed6a2e1ea5bd522"
            ],
            "markers": "python_version >= '3.6'",
            "version": "==21.3"
        },
        "protobuf": {
            "hashes": [
                "sha256:095fda15fe04a79c9f0edab09b424be46dd057b15986d235b84c8cea91659df7",
                "sha256:29eaf8e9db33bc3bae14576ad61370aa2b64ea5d6e6cd705042692e5e0404b10",
                "sha256:4758b9c22ad0486639a68cea58d38571f233019a73212d78476ec648f68a49a3",
                "sha256:57a593e40257ab4f164fe6e171651b1386c98f8ec5f5a8643642889c50d4f3c4",
                "sha256:5f8c7488e74024fa12b46aab4258f707d7d6e94c8d322d7c45cc13770f66ab59",
                "sha256:7b2dcca25d88ec77358eed3d031c8260b5bf3023fff03a31c9584591c5910833",
                "sha256:853708afc3a7eed4df28a8d4bd4812f829f8d736c104dd8d584ccff27969e311",
                "sha256:863f65e137d9de4a76cac39ae731a19bea1c30997f512ecf0dc9348112313401",
                "sha256:9b42afb67e19010cdda057e439574ccd944902ea14b0d52ba0bfba2aad50858d",
                "sha256:b82ac05b0651a4d2b9d56f5aeef3d711f5858eb4b71c13d77553739e5930a74a",
                "sha256:d622dc75e289e8b3031dd8b4e87df508f11a6b3d86a49fb50256af7ce030d35b",
                "sha256:e3d3df3292ab4bae85213b9ebef566b5aedb45f97425a92fac5b2e431d31e71c",
                "sha256:ef0768a609a02b2b412fa0f59f1242f1597e9bb15188d043f3fde09115ca6c69",
                "sha256:f2f43ae8dff452aee3026b59ea0a09245ab2529a55a0984992e76bcf848610e1"
            ],
            "markers": "python_version >= '3.7'",
            "version": "==4.21.2"
        },
        "pyparsing": {
            "hashes": [
                "sha256:2b020ecf7d21b687f219b71ecad3631f644a47f01403fa1d1036b0c6416d70fb",
                "sha256:5026bae9a10eeaefb61dab2f09052b9f4307d44aee4eda64b309723d8d206bbc"
            ],
            "markers": "python_full_version >= '3.6.8'",
            "version": "==3.0.9"
        },
        "requests": {
            "hashes": [
                "sha256:7c5599b102feddaa661c826c56ab4fee28bfd17f5abca1ebbe3e7f19d7c97983",
                "sha256:8fefa2a1a1365bf5520aac41836fbee479da67864514bdb821f31ce07ce65349"
            ],
            "markers": "python_version >= '3.7' and python_version < '4'",
            "version": "==2.28.1"
        },
        "six": {
            "hashes": [
                "sha256:1e61c37477a1626458e36f7b1d82aa5c9b094fa4802892072e49de9c60c4c926",
                "sha256:8abb2f1d86890a2dfb989f9a77cfcfd3e47c2a354b01111771326f8aa26e0254"
            ],
            "markers": "python_version >= '2.7' and python_version not in '3.0, 3.1, 3.2, 3.3'",
            "version": "==1.16.0"
        },
        "tenacity": {
            "hashes": [
                "sha256:43242a20e3e73291a28bcbcacfd6e000b02d3857a9a9fff56b297a27afdc932f",
                "sha256:f78f4ea81b0fabc06728c11dc2a8c01277bfc5181b321a4770471902e3eb844a"
            ],
            "markers": "python_version >= '3.6'",
            "version": "==8.0.1"
        },
        "typing-extensions": {
            "hashes": [
                "sha256:25642c956049920a5aa49edcdd6ab1e06d7e5d467fc00e0506c44ac86fbfca02",
                "sha256:e6d2677a32f47fc7eb2795db1dd15c1f34eff616bcaf2cfb5e997f854fa1c4a6"
            ],
            "markers": "python_version < '3.8'",
            "version": "==4.3.0"
        },
        "urllib3": {
            "hashes": [
                "sha256:44ece4d53fb1706f667c9bd1c648f5469a2ec925fcf3a776667042d645472c14",
                "sha256:aabaf16477806a5e1dd19aa41f8c2b7950dd3c746362d7e3223dbe6de6ac448e"
            ],
            "markers": "python_version >= '2.7' and python_version not in '3.0, 3.1, 3.2, 3.3, 3.4' and python_version < '4'",
            "version": "==1.26.9"
        },
        "werkzeug": {
            "hashes": [
                "sha256:1ce08e8093ed67d638d63879fd1ba3735817f7a80de3674d293f5984f25fb6e6",
                "sha256:72a4b735692dd3135217911cbeaa1be5fa3f62bffb8745c5215420a03dc55255"
            ],
            "markers": "python_version >= '3.7'",
            "version": "==2.1.2"
        },
        "zipp": {
            "hashes": [
                "sha256:56bf8aadb83c24db6c4b577e13de374ccfb67da2078beba1d037c17980bf43ad",
                "sha256:c4f6e5bbf48e74f7a38e7cc5b0480ff42b0ae5178957d564d18932525d5cf099"
            ],
            "markers": "python_version >= '3.7'",
            "version": "==3.8.0"
        }
    },
    "develop": {}
}
