{
    "_meta": {
        "hash": {
            "sha256": "7c44aa1034b07920bccc5522ee44eac3263636155e583dac9f3e8e28df8d62fa"
        },
        "pipfile-spec": 6,
        "requires": {
            "python_version": "3.7"
        },
        "sources": [
            {
                "name": "pypi",
                "url": "https://pypi.org/simple",
                "verify_ssl": true
            }
        ]
    },
    "default": {
        "attrs": {
            "hashes": [
                "sha256:2d27e3784d7a565d36ab851fe94887c5eccd6a463168875832a1be79c82828b4",
                "sha256:626ba8234211db98e869df76230a137c4c40a12d72445c45d5f5b716f076e2fd"
            ],
            "markers": "python_version >= '2.7' and python_version not in '3.0, 3.1, 3.2, 3.3, 3.4'",
            "version": "==21.4.0"
        },
        "bytecode": {
            "hashes": [
                "sha256:6af3c2f0a31ce05dce41f7eea5cc380e33f5e8fbb7dcee3b52467a00acd52fcd",
                "sha256:e69f92e7d27f99d5d7d76e6a824bd3d9ff857c72b59927aaf87e1a620f67fe50"
            ],
            "markers": "python_version >= '3.8'",
            "version": "==0.13.0"
        },
        "click": {
            "hashes": [
                "sha256:7682dc8afb30297001674575ea00d1814d808d6a36af415a82bd481d37ba7b8e",
                "sha256:bb4d8133cb15a609f44e8213d9b391b0809795062913b383c62be0ee95b1db48"
            ],
            "markers": "python_version >= '3.7'",
            "version": "==8.1.3"
        },
        "ddsketch": {
            "hashes": [
                "sha256:464469f53380aa878eb1dd4dc644086341e0d2a54b19dfca7d7a4645c8353ac6",
                "sha256:a5fd40785aa70ae45c240c769aab9158c2046da91ddb44ac0c42e4d4930ce302"
            ],
            "markers": "python_version >= '2.7'",
            "version": "==2.0.3"
        },
        "ddtrace": {
            "hashes": [
                "sha256:0bda7417db3baea5e7b63d6596c26821391376a86a76e1828d771b3a14c3ff39",
                "sha256:0c5ae39e3da5535f3b9dadca2ef0fde734688e64eba6bf961ba669c4b7578fea",
                "sha256:0c6b26e66a8d9387973f42440b57c3cff76243388aa38a65d21ab9b23a8d1446",
                "sha256:0f02b1ac848b42d901cc88a39bc86d1182073e449f0ef10a2a86a36b70474591",
                "sha256:12c5424b42fc8a605e90fd55243313636704fb9675d49898fe0f76b5bf269619",
                "sha256:16ac9d507176700a4cef9714708e276275fae39da32f118fb8e0e18d39a3c15f",
                "sha256:1a0c6e7d17bc44f0c54282e94146299e0e8bd7ccc277795d5ebde9818cbbbad2",
                "sha256:1cae4ec2c8ac91b09e169742629ff4598a9fb09ca4e380904f110b533c0ac758",
                "sha256:1efd71b73e399237ba14bd54f31d5b37ca817d337f0715a602d2eb0c3af51052",
                "sha256:241d63c31ab48155e56855f7f55639ae41980efc3a8e53f4bcce9b9034e8f535",
                "sha256:255c3cb9b5d0adde9d608cb91428051d1cf1f94ada5b86b0a4cc8bd498258997",
                "sha256:283ce85e6de396103944fff15eafcabe262f8fce467110bdd118e76bdceb356d",
                "sha256:29bdd28c657e0e7f539863a84307feb96f3fabdb72e184c3e2fcbfaef1b56ba6",
                "sha256:2a7eda27bfbc27ddc632b93c6239bcfd155c4e83586a216bb8896003b8ca9822",
                "sha256:2b266f362bd0f4499cc01015de5aa1d1e73e51764727cbadee4f6669b49ff1d5",
                "sha256:31b6661ebbf886b599ed0612b8d22f722f6b02e7b0d6c09a8e9997702f792e4b",
                "sha256:33554dc3444e6c9739a69ed4fb6093c63766abb81320d6a5aa74d0faaf12a12c",
                "sha256:34aea3fee9ba3f9fbad5fc43289d4b6028826652a5136d1fb6613c463dedbdca",
                "sha256:3b35bdbc2c8afd91b1d2013777274eb0346f0a34bab456e3f3ed4f8432c19151",
                "sha256:409e2f790bddfe7980728694b99893e42c484392376668a6862be325dbbd6839",
                "sha256:420aae88a6c2bb0ccdb46e4e3d9434c9b1552cfa9228943ab4cdf706ac06a69a",
                "sha256:4417f001cdc03370fe3b5d26695a68df82db68214d3a51df3fb6ea56b56c3f46",
                "sha256:4741a9002b90b42a9e59666c89d52656a69eb53b29f9e2c7f4057d721a97d928",
                "sha256:4f01ebae47a54eb2a10b5bd5dac9bbc052f28f6b8c2d23c91314fa427cae6fd0",
                "sha256:6031a208dc3bb817e2237a08d60baa1f09de3b7457e52f0fa950060925bb661b",
                "sha256:67d8a2de42b2b2bf8effd1d1903a57ba58c07ed814a603f4ba2f422ee48d15e6",
                "sha256:6e4da69cf3d114f1b26627360bd1a202d46a8b27e66c37835dc9c43d9d011ba6",
                "sha256:71560d0259064b4ca646cf8a035bdac347b3f17f353152bb68acd40b0224b2a1",
                "sha256:71bf0f042dab6ff660092afd89e016c34b46019ee6730f3f420b724dd2c5498f",
                "sha256:7259f54f3fc4b4d43fa5dd61f2be242316f5df49d7a016a3ac28dd2db6e4d17f",
                "sha256:7b048c756e75559604e9cb21d0d7a972da701854c94ac9a4bc827e2bd2d965fe",
                "sha256:7b68aebf717b1e611d6aadd0f8023fa354d0042b80c40949348408df25633b33",
                "sha256:7d292271cfb432111fc9c12b9e6a00e95c3ca134ac6b13e4a77be8e97491aab3",
                "sha256:81dd6535ab7d3a7a311e40778cbcae978073a6a48fc572268086a7c803a441e6",
                "sha256:8ab92abb93b4d8e70b68b0894d3be2f93b96411429dee1df30ee0c3f1aecbe2f",
                "sha256:8f8c7ab254ebd147cb74cd41971d7194ceb68892302b9c427dfd8543682c2204",
                "sha256:979c2932db900fb08a7080f7d9dde117a6435c9d648bafbad0d7d5eb1af830ee",
                "sha256:a0754c09e8f00cc2b7c29c086c7b9989546e1dc2bc9b30a471796f5cae7d3852",
                "sha256:a346355261be37e8eda7a295abd006d8feed9c2cd18dec885edef885c61de2ce",
                "sha256:b3c856bfe71bb3e8932e48b80c8c8f48eb4c966a4ecbeb507d067b7aa0e1506a",
                "sha256:b3d9e3ad04dd26136862456da9e16595cd9b6326c78e94220d990e9852af3d57",
                "sha256:b94cf79c72228090290550b502576e08cf0ff01a8e3e5c596ee67c8a45a3211e",
                "sha256:baa7250e48c9987c7062c5683f5af239e52507f5b3b8f7635f78f51571f6003c",
                "sha256:bd51aa6824bd84847410bf85a4543ed3d29a4039f9d9f793c10ea89f56907b70",
                "sha256:c06f80931f8cc69674e15e083ef97f41a9185051d49339b0477ce5e9a7381538",
                "sha256:ca1d91abd9afd6c266f81da57b279ceae16991da1eabc2d90ef3212a69177d59",
                "sha256:d11e204b2d95e173873742facdd3fb4276f35de51411adb965421147a57bcdfc",
                "sha256:d344fac2a732c76ac3a0963c5bde869b73dde633f3c0cc7e4ea1e0ba01e2207f",
                "sha256:da3715742b02c4093530ffb7b15944d526ac29d4acde596fda471dc965ae5961",
                "sha256:dbf6252efabd070aa97b55bfd55da2a5939849dc201c7fa5c67c4bf0a953fb5d",
                "sha256:e04fead25d7e75e669662255fcfee048a5ea5d8b1155020b690d8ced5ec2b59d",
                "sha256:e419d279d1f25ab360423e0c86632e7f869e783f2950de245c8764b1094f0b1b",
                "sha256:e8e1d94cc99dd3e9f49cce6f2a78f429f408613bd2c80386c2481390d9645b19",
                "sha256:f0989b70185b00b1bf692f832e0aaea5b693994c54002faa65b6cd60cf146cb5",
                "sha256:f3dc8e84000018d8d6d50371e55cfa4ba94c5002414ce4f6b60bf21d2f768409",
                "sha256:f83d21f67ab2be5537c719f9316f8f6b174976bde03726d97aea2468d7bd01d0",
                "sha256:fa7bef80eff996c192493746c19cfe4cc0fb709edf4cfc6b95b1ae6cea957a23",
                "sha256:fcbedab36e39070e55e5e5fa1c3a2049b24fdb929ee7e93217c8d9ac6f0321c7",
                "sha256:fcf3d2407a64278d3df581f3bf52d3947ee60df08bf419c5855990df0fb32643"
            ],
            "index": "pypi",
            "version": "==1.2.1"
        },
        "flask": {
            "hashes": [
                "sha256:315ded2ddf8a6281567edb27393010fe3406188bafbfe65a3339d5787d89e477",
                "sha256:fad5b446feb0d6db6aec0c3184d16a8c1f6c3e464b511649c8918a9be100b4fe"
            ],
            "index": "pypi",
            "version": "==2.1.2"
        },
        "gunicorn": {
            "hashes": [
                "sha256:c3930fe8de6778ab5ea716cab432ae6335fa9f03b3f2c3e02529214c476f4bcb",
                "sha256:f9de24e358b841567063629cd0a656b26792a41e23a24d0dcb40224fc3940081"
            ],
            "index": "pypi",
            "version": "==19.10.0"
        },
        "importlib-metadata": {
            "hashes": [
                "sha256:637245b8bab2b6502fcbc752cc4b7a6f6243bb02b31c5c26156ad103d3d45670",
                "sha256:7401a975809ea1fdc658c3aa4f78cc2195a0e019c5cbc4c06122884e9ae80c23"
            ],
            "markers": "python_version < '3.10'",
            "version": "==4.12.0"
        },
        "itsdangerous": {
            "hashes": [
                "sha256:2c2349112351b88699d8d4b6b075022c0808887cb7ad10069318a8b0bc88db44",
                "sha256:5dbbc68b317e5e42f327f9021763545dc3fc3bfe22e6deb96aaf1fc38874156a"
            ],
            "markers": "python_version >= '3.7'",
            "version": "==2.1.2"
        },
        "jinja2": {
            "hashes": [
                "sha256:31351a702a408a9e7595a8fc6150fc3f43bb6bf7e319770cbc0db9df9437e852",
                "sha256:6088930bfe239f0e6710546ab9c19c9ef35e29792895fed6e6e31a023a182a61"
            ],
            "markers": "python_version >= '3.7'",
            "version": "==3.1.2"
        },
        "markupsafe": {
            "hashes": [
                "sha256:0212a68688482dc52b2d45013df70d169f542b7394fc744c02a57374a4207003",
                "sha256:089cf3dbf0cd6c100f02945abeb18484bd1ee57a079aefd52cffd17fba910b88",
                "sha256:10c1bfff05d95783da83491be968e8fe789263689c02724e0c691933c52994f5",
                "sha256:33b74d289bd2f5e527beadcaa3f401e0df0a89927c1559c8566c066fa4248ab7",
                "sha256:3799351e2336dc91ea70b034983ee71cf2f9533cdff7c14c90ea126bfd95d65a",
                "sha256:3ce11ee3f23f79dbd06fb3d63e2f6af7b12db1d46932fe7bd8afa259a5996603",
                "sha256:421be9fbf0ffe9ffd7a378aafebbf6f4602d564d34be190fc19a193232fd12b1",
                "sha256:43093fb83d8343aac0b1baa75516da6092f58f41200907ef92448ecab8825135",
                "sha256:46d00d6cfecdde84d40e572d63735ef81423ad31184100411e6e3388d405e247",
                "sha256:4a33dea2b688b3190ee12bd7cfa29d39c9ed176bda40bfa11099a3ce5d3a7ac6",
                "sha256:4b9fe39a2ccc108a4accc2676e77da025ce383c108593d65cc909add5c3bd601",
                "sha256:56442863ed2b06d19c37f94d999035e15ee982988920e12a5b4ba29b62ad1f77",
                "sha256:671cd1187ed5e62818414afe79ed29da836dde67166a9fac6d435873c44fdd02",
                "sha256:694deca8d702d5db21ec83983ce0bb4b26a578e71fbdbd4fdcd387daa90e4d5e",
                "sha256:6a074d34ee7a5ce3effbc526b7083ec9731bb3cbf921bbe1d3005d4d2bdb3a63",
                "sha256:6d0072fea50feec76a4c418096652f2c3238eaa014b2f94aeb1d56a66b41403f",
                "sha256:6fbf47b5d3728c6aea2abb0589b5d30459e369baa772e0f37a0320185e87c980",
                "sha256:7f91197cc9e48f989d12e4e6fbc46495c446636dfc81b9ccf50bb0ec74b91d4b",
                "sha256:86b1f75c4e7c2ac2ccdaec2b9022845dbb81880ca318bb7a0a01fbf7813e3812",
                "sha256:8dc1c72a69aa7e082593c4a203dcf94ddb74bb5c8a731e4e1eb68d031e8498ff",
                "sha256:8e3dcf21f367459434c18e71b2a9532d96547aef8a871872a5bd69a715c15f96",
                "sha256:8e576a51ad59e4bfaac456023a78f6b5e6e7651dcd383bcc3e18d06f9b55d6d1",
                "sha256:96e37a3dc86e80bf81758c152fe66dbf60ed5eca3d26305edf01892257049925",
                "sha256:97a68e6ada378df82bc9f16b800ab77cbf4b2fada0081794318520138c088e4a",
                "sha256:99a2a507ed3ac881b975a2976d59f38c19386d128e7a9a18b7df6fff1fd4c1d6",
                "sha256:a49907dd8420c5685cfa064a1335b6754b74541bbb3706c259c02ed65b644b3e",
                "sha256:b09bf97215625a311f669476f44b8b318b075847b49316d3e28c08e41a7a573f",
                "sha256:b7bd98b796e2b6553da7225aeb61f447f80a1ca64f41d83612e6139ca5213aa4",
                "sha256:b87db4360013327109564f0e591bd2a3b318547bcef31b468a92ee504d07ae4f",
                "sha256:bcb3ed405ed3222f9904899563d6fc492ff75cce56cba05e32eff40e6acbeaa3",
                "sha256:d4306c36ca495956b6d568d276ac11fdd9c30a36f1b6eb928070dc5360b22e1c",
                "sha256:d5ee4f386140395a2c818d149221149c54849dfcfcb9f1debfe07a8b8bd63f9a",
                "sha256:dda30ba7e87fbbb7eab1ec9f58678558fd9a6b8b853530e176eabd064da81417",
                "sha256:e04e26803c9c3851c931eac40c695602c6295b8d432cbe78609649ad9bd2da8a",
                "sha256:e1c0b87e09fa55a220f058d1d49d3fb8df88fbfab58558f1198e08c1e1de842a",
                "sha256:e72591e9ecd94d7feb70c1cbd7be7b3ebea3f548870aa91e2732960fa4d57a37",
                "sha256:e8c843bbcda3a2f1e3c2ab25913c80a3c5376cd00c6e8c4a86a89a28c8dc5452",
                "sha256:efc1913fd2ca4f334418481c7e595c00aad186563bbc1ec76067848c7ca0a933",
                "sha256:f121a1420d4e173a5d96e47e9a0c0dcff965afdf1626d28de1460815f7c4ee7a",
                "sha256:fc7b548b17d238737688817ab67deebb30e8073c95749d55538ed473130ec0c7"
            ],
            "markers": "python_version >= '3.7'",
            "version": "==2.1.1"
        },
        "packaging": {
            "hashes": [
                "sha256:dd47c42927d89ab911e606518907cc2d3a1f38bbd026385970643f9c5b8ecfeb",
                "sha256:ef103e05f519cdc783ae24ea4e2e0f508a9c99b2d4969652eed6a2e1ea5bd522"
            ],
            "markers": "python_version >= '3.6'",
            "version": "==21.3"
        },
        "protobuf": {
            "hashes": [
                "sha256:095fda15fe04a79c9f0edab09b424be46dd057b15986d235b84c8cea91659df7",
                "sha256:29eaf8e9db33bc3bae14576ad61370aa2b64ea5d6e6cd705042692e5e0404b10",
                "sha256:4758b9c22ad0486639a68cea58d38571f233019a73212d78476ec648f68a49a3",
                "sha256:57a593e40257ab4f164fe6e171651b1386c98f8ec5f5a8643642889c50d4f3c4",
                "sha256:5f8c7488e74024fa12b46aab4258f707d7d6e94c8d322d7c45cc13770f66ab59",
                "sha256:7b2dcca25d88ec77358eed3d031c8260b5bf3023fff03a31c9584591c5910833",
                "sha256:853708afc3a7eed4df28a8d4bd4812f829f8d736c104dd8d584ccff27969e311",
                "sha256:863f65e137d9de4a76cac39ae731a19bea1c30997f512ecf0dc9348112313401",
                "sha256:9b42afb67e19010cdda057e439574ccd944902ea14b0d52ba0bfba2aad50858d",
                "sha256:b82ac05b0651a4d2b9d56f5aeef3d711f5858eb4b71c13d77553739e5930a74a",
                "sha256:d622dc75e289e8b3031dd8b4e87df508f11a6b3d86a49fb50256af7ce030d35b",
                "sha256:e3d3df3292ab4bae85213b9ebef566b5aedb45f97425a92fac5b2e431d31e71c",
                "sha256:ef0768a609a02b2b412fa0f59f1242f1597e9bb15188d043f3fde09115ca6c69",
                "sha256:f2f43ae8dff452aee3026b59ea0a09245ab2529a55a0984992e76bcf848610e1"
            ],
            "markers": "python_version >= '3.7'",
            "version": "==4.21.2"
        },
        "pyparsing": {
            "hashes": [
                "sha256:2b020ecf7d21b687f219b71ecad3631f644a47f01403fa1d1036b0c6416d70fb",
                "sha256:5026bae9a10eeaefb61dab2f09052b9f4307d44aee4eda64b309723d8d206bbc"
            ],
            "markers": "python_full_version >= '3.6.8'",
            "version": "==3.0.9"
        },
        "six": {
            "hashes": [
                "sha256:1e61c37477a1626458e36f7b1d82aa5c9b094fa4802892072e49de9c60c4c926",
                "sha256:8abb2f1d86890a2dfb989f9a77cfcfd3e47c2a354b01111771326f8aa26e0254"
            ],
            "markers": "python_version >= '2.7' and python_version not in '3.0, 3.1, 3.2'",
            "version": "==1.16.0"
        },
        "tenacity": {
            "hashes": [
                "sha256:43242a20e3e73291a28bcbcacfd6e000b02d3857a9a9fff56b297a27afdc932f",
                "sha256:f78f4ea81b0fabc06728c11dc2a8c01277bfc5181b321a4770471902e3eb844a"
            ],
            "markers": "python_version >= '3.6'",
            "version": "==8.0.1"
        },
        "werkzeug": {
            "hashes": [
                "sha256:1ce08e8093ed67d638d63879fd1ba3735817f7a80de3674d293f5984f25fb6e6",
                "sha256:72a4b735692dd3135217911cbeaa1be5fa3f62bffb8745c5215420a03dc55255"
            ],
            "markers": "python_version >= '3.7'",
            "version": "==2.1.2"
        },
        "zipp": {
            "hashes": [
                "sha256:56bf8aadb83c24db6c4b577e13de374ccfb67da2078beba1d037c17980bf43ad",
                "sha256:c4f6e5bbf48e74f7a38e7cc5b0480ff42b0ae5178957d564d18932525d5cf099"
            ],
            "markers": "python_version >= '3.7'",
            "version": "==3.8.0"
        }
    },
    "develop": {}
}
